<?xml version="1.0" encoding="utf-8"?>
<Project ToolsVersion="4.0" xmlns="http://schemas.microsoft.com/developer/msbuild/2003">
  <ItemGroup>
    <ClCompile Include="Game\Scenes\TitleScene.cpp">
      <Filter>Scenes</Filter>
    </ClCompile>
    <ClCompile Include="Game\Scenes\GameScene.cpp">
      <Filter>Scenes</Filter>
    </ClCompile>
    <ClCompile Include="Game\Editor\EditorUI.cpp">
      <Filter>Editor</Filter>
    </ClCompile>
    <ClCompile Include="Game\Editor\PipeEditor.cpp">
      <Filter>Editor</Filter>
    </ClCompile>
    <ClCompile Include="Game\Systems\UISystem.cpp">
      <Filter>Systems</Filter>
    </ClCompile>
    <ClCompile Include="Game\Scripts\BaseScript.cpp">
      <Filter>Scripts</Filter>
    </ClCompile>
    <ClCompile Include="Game\Scripts\BulletScript.cpp">
      <Filter>Scripts</Filter>
    </ClCompile>
    <ClCompile Include="Game\Scripts\EnemyAIScript.cpp">
      <Filter>Scripts</Filter>
    </ClCompile>
    <ClCompile Include="Game\Scripts\KamikazeEnemyScript.cpp">
      <Filter>Scripts</Filter>
    </ClCompile>
    <ClCompile Include="Game\Scripts\PlayerScript.cpp">
      <Filter>Scripts</Filter>
    </ClCompile>
    <ClCompile Include="Game\Scripts\ScriptEngine.cpp">
      <Filter>Scripts</Filter>
    </ClCompile>
    <ClCompile Include="Game\Scripts\TowerScript.cpp">
      <Filter>Scripts</Filter>
    </ClCompile>
    <ClCompile Include="Game\main.cpp" />
    <ClCompile Include="Game\Scripts\ToObjectMove.cpp" />
    <ClCompile Include="Game\Systems\RiverSystem.cpp" />
    <ClCompile Include="Game\Scripts\Canon.cpp">
      <Filter>Scripts</Filter>
    </ClCompile>
    <ClCompile Include="Game\Scripts\PipeScript.cpp" />
  </ItemGroup>
  <ItemGroup>
    <ClInclude Include="Game\Scenes\TitleScene.h">
      <Filter>Scenes</Filter>
    </ClInclude>
    <ClInclude Include="Game\Scenes\GameScene.h">
      <Filter>Scenes</Filter>
    </ClInclude>
    <ClInclude Include="Game\Editor\EditorUI.h">
      <Filter>Editor</Filter>
    </ClInclude>
    <ClInclude Include="Game\Editor\PipeEditor.h">
      <Filter>Editor</Filter>
    </ClInclude>
    <ClInclude Include="Game\ObjectTypes.h">
      <Filter>Game</Filter>
    </ClInclude>
    <ClInclude Include="Game\Systems\UISystem.h">
      <Filter>Systems</Filter>
    </ClInclude>
    <ClInclude Include="Game\Scripts\BaseScript.h">
      <Filter>Scripts</Filter>
    </ClInclude>
    <ClInclude Include="Game\Scripts\BulletScript.h">
      <Filter>Scripts</Filter>
    </ClInclude>
    <ClInclude Include="Game\Scripts\EnemyAIScript.h">
      <Filter>Scripts</Filter>
    </ClInclude>
    <ClInclude Include="Game\Scripts\IScript.h">
      <Filter>Scripts</Filter>
    </ClInclude>
    <ClInclude Include="Game\Scripts\KamikazeEnemyScript.h">
      <Filter>Scripts</Filter>
    </ClInclude>
    <ClInclude Include="Game\Scripts\PlayerScript.h">
      <Filter>Scripts</Filter>
    </ClInclude>
    <ClInclude Include="Game\Scripts\ScriptEngine.h">
      <Filter>Scripts</Filter>
    </ClInclude>
    <ClInclude Include="Game\Scripts\TowerScript.h">
      <Filter>Scripts</Filter>
    </ClInclude>
    <ClInclude Include="Game\Systems\AudioSystem.h">
      <Filter>Systems</Filter>
    </ClInclude>
    <ClInclude Include="Game\Systems\CameraFollowSystem.h">
      <Filter>Systems</Filter>
    </ClInclude>
    <ClInclude Include="Game\Systems\CharacterMovementSystem.h">
      <Filter>Systems</Filter>
    </ClInclude>
    <ClInclude Include="Game\Systems\CleanupSystem.h">
      <Filter>Systems</Filter>
    </ClInclude>
    <ClInclude Include="Game\Systems\CombatSystem.h">
      <Filter>Systems</Filter>
    </ClInclude>
    <ClInclude Include="Game\Systems\HealthSystem.h">
      <Filter>Systems</Filter>
    </ClInclude>
    <ClInclude Include="Game\Systems\ISystem.h">
      <Filter>Systems</Filter>
    </ClInclude>
    <ClInclude Include="Game\Systems\PhysicsSystem.h">
      <Filter>Systems</Filter>
    </ClInclude>
    <ClInclude Include="Game\Systems\PlayerInputSystem.h">
      <Filter>Systems</Filter>
    </ClInclude>
    <ClInclude Include="Game\Systems\ScriptSystem.h">
      <Filter>Systems</Filter>
    </ClInclude>
    <ClInclude Include="Game\Scripts\ToObjectMove.h" />
    <ClInclude Include="Game\Systems\RiverSystem.h" />
    <ClInclude Include="Game\Scripts\Canon.h">
      <Filter>Scripts</Filter>
    </ClInclude>
    <ClInclude Include="Game\Scripts\PipeScript.h" />
  </ItemGroup>
  <ItemGroup>
    <Filter Include="Scenes">
      <UniqueIdentifier>{7ac21cff-d91d-48e7-a50c-697bdfea681d}</UniqueIdentifier>
    </Filter>
    <Filter Include="Editor">
      <UniqueIdentifier>{d55df288-ae2c-4ba6-a365-b2bd0b0bf70a}</UniqueIdentifier>
    </Filter>
    <Filter Include="Game">
      <UniqueIdentifier>{ee71b5c8-f3af-4fc9-a7fd-53443e145be0}</UniqueIdentifier>
    </Filter>
    <Filter Include="Systems">
      <UniqueIdentifier>{f2a3b4c5-d6e7-48a9-b0c1-d2e3f4a5b6c7}</UniqueIdentifier>
    </Filter>
    <Filter Include="Scripts">
      <UniqueIdentifier>{2183f610-6b59-423a-95bc-4fff8159e64c}</UniqueIdentifier>
    </Filter>
  </ItemGroup>
</Project>